
Microsoft Visual Studio Solution File, Format Version 12.00
# Visual Studio Version 17
VisualStudioVersion = 17.0.31903.59
MinimumVisualStudioVersion = 10.0.40219.1
Project("{2150E333-8FDC-42A3-9474-1A3956D46DE8}") = "src", "src", "{3CB8DAF0-259C-4246-AEF7-8CEB51C6F585}"
EndProject
Project("{9A19103F-16F7-4668-BE54-9A1E7A4F7556}") = "CompanyManagement.Api", "src\CompanyManagement.Api\CompanyManagement.Api.csproj", "{FFDBAE16-267A-4B91-AC5E-2583152B3084}"
EndProject
Project("{9A19103F-16F7-4668-BE54-9A1E7A4F7556}") = "CompanyManagement.Application", "src\CompanyManagement.Application\CompanyManagement.Application.csproj", "{1A678660-9F7A-42E2-92B4-F822EB5EB401}"
EndProject
Project("{9A19103F-16F7-4668-BE54-9A1E7A4F7556}") = "CompanyManagement.Infrastructure", "src\CompanyManagement.Infrastructure\CompanyManagement.Infrastructure.csproj", "{D3E94965-EA70-4688-814A-185BA5B7FAC2}"
EndProject
Project("{9A19103F-16F7-4668-BE54-9A1E7A4F7556}") = "CompanyManagement.Domain", "src\CompanyManagement.Domain\CompanyManagement.Domain.csproj", "{96DA2F10-48B1-48FA-915E-6A82766041B0}"
EndProject
Project("{2150E333-8FDC-42A3-9474-1A3956D46DE8}") = "test", "test", "{22D43967-A886-476B-8F06-3943CC56179A}"
EndProject
Project("{9A19103F-16F7-4668-BE54-9A1E7A4F7556}") = "CompanyManagement.Domain.Tests.Unit", "test\CompanyManagement.Domain.Tests.Unit\CompanyManagement.Domain.Tests.Unit.csproj", "{4DA8D06C-5070-4263-AB5C-A004A233A36F}"
EndProject
Project("{9A19103F-16F7-4668-BE54-9A1E7A4F7556}") = "CompanyManagement.Application.Tests.Inegration", "test\CompanyManagement.Application.Tests.Inegration\CompanyManagement.Application.Tests.Inegration.csproj", "{AF86C338-FE9A-49D0-B20C-37D9A2F59CFC}"
EndProject
Project("{E53339B2-1760-4266-BCC7-CA923CBCF16C}") = "docker-compose", "docker-compose.dcproj", "{5F125EF7-D5EF-4F18-A3BD-DD627926EDBA}"
EndProject
Project("{FAE04EC0-301F-11D3-BF4B-00C04F79EFBC}") = "CompanyManagement.Infrastructure.Tests.Unit", "test\CompanyManagement.Infrastructure.Tests.Unit\CompanyManagement.Infrastructure.Tests.Unit.csproj", "{1D45DEE0-57F9-4C8B-A825-F4574A75DC89}"
EndProject
Global
	GlobalSection(SolutionConfigurationPlatforms) = preSolution
		Debug|Any CPU = Debug|Any CPU
		Release|Any CPU = Release|Any CPU
	EndGlobalSection
	GlobalSection(ProjectConfigurationPlatforms) = postSolution
		{FFDBAE16-267A-4B91-AC5E-2583152B3084}.Debug|Any CPU.ActiveCfg = Debug|Any CPU
		{FFDBAE16-267A-4B91-AC5E-2583152B3084}.Debug|Any CPU.Build.0 = Debug|Any CPU
		{FFDBAE16-267A-4B91-AC5E-2583152B3084}.Release|Any CPU.ActiveCfg = Release|Any CPU
		{FFDBAE16-267A-4B91-AC5E-2583152B3084}.Release|Any CPU.Build.0 = Release|Any CPU
		{1A678660-9F7A-42E2-92B4-F822EB5EB401}.Debug|Any CPU.ActiveCfg = Debug|Any CPU
		{1A678660-9F7A-42E2-92B4-F822EB5EB401}.Debug|Any CPU.Build.0 = Debug|Any CPU
		{1A678660-9F7A-42E2-92B4-F822EB5EB401}.Release|Any CPU.ActiveCfg = Release|Any CPU
		{1A678660-9F7A-42E2-92B4-F822EB5EB401}.Release|Any CPU.Build.0 = Release|Any CPU
		{D3E94965-EA70-4688-814A-185BA5B7FAC2}.Debug|Any CPU.ActiveCfg = Debug|Any CPU
		{D3E94965-EA70-4688-814A-185BA5B7FAC2}.Debug|Any CPU.Build.0 = Debug|Any CPU
		{D3E94965-EA70-4688-814A-185BA5B7FAC2}.Release|Any CPU.ActiveCfg = Release|Any CPU
		{D3E94965-EA70-4688-814A-185BA5B7FAC2}.Release|Any CPU.Build.0 = Release|Any CPU
		{96DA2F10-48B1-48FA-915E-6A82766041B0}.Debug|Any CPU.ActiveCfg = Debug|Any CPU
		{96DA2F10-48B1-48FA-915E-6A82766041B0}.Debug|Any CPU.Build.0 = Debug|Any CPU
		{96DA2F10-48B1-48FA-915E-6A82766041B0}.Release|Any CPU.ActiveCfg = Release|Any CPU
		{96DA2F10-48B1-48FA-915E-6A82766041B0}.Release|Any CPU.Build.0 = Release|Any CPU
		{4DA8D06C-5070-4263-AB5C-A004A233A36F}.Debug|Any CPU.ActiveCfg = Debug|Any CPU
		{4DA8D06C-5070-4263-AB5C-A004A233A36F}.Debug|Any CPU.Build.0 = Debug|Any CPU
		{4DA8D06C-5070-4263-AB5C-A004A233A36F}.Release|Any CPU.ActiveCfg = Release|Any CPU
		{4DA8D06C-5070-4263-AB5C-A004A233A36F}.Release|Any CPU.Build.0 = Release|Any CPU
		{AF86C338-FE9A-49D0-B20C-37D9A2F59CFC}.Debug|Any CPU.ActiveCfg = Debug|Any CPU
		{AF86C338-FE9A-49D0-B20C-37D9A2F59CFC}.Debug|Any CPU.Build.0 = Debug|Any CPU
		{AF86C338-FE9A-49D0-B20C-37D9A2F59CFC}.Release|Any CPU.ActiveCfg = Release|Any CPU
		{AF86C338-FE9A-49D0-B20C-37D9A2F59CFC}.Release|Any CPU.Build.0 = Release|Any CPU
		{5F125EF7-D5EF-4F18-A3BD-DD627926EDBA}.Debug|Any CPU.ActiveCfg = Debug|Any CPU
		{5F125EF7-D5EF-4F18-A3BD-DD627926EDBA}.Debug|Any CPU.Build.0 = Debug|Any CPU
		{5F125EF7-D5EF-4F18-A3BD-DD627926EDBA}.Release|Any CPU.ActiveCfg = Release|Any CPU
		{5F125EF7-D5EF-4F18-A3BD-DD627926EDBA}.Release|Any CPU.Build.0 = Release|Any CPU
		{1D45DEE0-57F9-4C8B-A825-F4574A75DC89}.Debug|Any CPU.ActiveCfg = Debug|Any CPU
		{1D45DEE0-57F9-4C8B-A825-F4574A75DC89}.Debug|Any CPU.Build.0 = Debug|Any CPU
		{1D45DEE0-57F9-4C8B-A825-F4574A75DC89}.Release|Any CPU.ActiveCfg = Release|Any CPU
		{1D45DEE0-57F9-4C8B-A825-F4574A75DC89}.Release|Any CPU.Build.0 = Release|Any CPU
	EndGlobalSection
	GlobalSection(SolutionProperties) = preSolution
		HideSolutionNode = FALSE
	EndGlobalSection
	GlobalSection(NestedProjects) = preSolution
		{FFDBAE16-267A-4B91-AC5E-2583152B3084} = {3CB8DAF0-259C-4246-AEF7-8CEB51C6F585}
		{1A678660-9F7A-42E2-92B4-F822EB5EB401} = {3CB8DAF0-259C-4246-AEF7-8CEB51C6F585}
		{D3E94965-EA70-4688-814A-185BA5B7FAC2} = {3CB8DAF0-259C-4246-AEF7-8CEB51C6F585}
		{96DA2F10-48B1-48FA-915E-6A82766041B0} = {3CB8DAF0-259C-4246-AEF7-8CEB51C6F585}
		{4DA8D06C-5070-4263-AB5C-A004A233A36F} = {22D43967-A886-476B-8F06-3943CC56179A}
		{AF86C338-FE9A-49D0-B20C-37D9A2F59CFC} = {22D43967-A886-476B-8F06-3943CC56179A}
		{1D45DEE0-57F9-4C8B-A825-F4574A75DC89} = {22D43967-A886-476B-8F06-3943CC56179A}
	EndGlobalSection
EndGlobal
